
Microsoft Visual Studio Solution File, Format Version 12.00
# Visual Studio Version 16
VisualStudioVersion = 16.0.31402.337
MinimumVisualStudioVersion = 10.0.40219.1
Project("{FAE04EC0-301F-11D3-BF4B-00C04F79EFBC}") = "Mandelbrot_Set", "Mandelbrot_Set\Mandelbrot_Set.csproj", "{F60DDE20-79D4-4709-9FF7-3A8CC1C9CCB1}"
EndProject
Global
	GlobalSection(SolutionConfigurationPlatforms) = preSolution
		Debug|Any CPU = Debug|Any CPU
		Release|Any CPU = Release|Any CPU
	EndGlobalSection
	GlobalSection(ProjectConfigurationPlatforms) = postSolution
		{F60DDE20-79D4-4709-9FF7-3A8CC1C9CCB1}.Debug|Any CPU.ActiveCfg = Debug|Any CPU
		{F60DDE20-79D4-4709-9FF7-3A8CC1C9CCB1}.Debug|Any CPU.Build.0 = Debug|Any CPU
		{F60DDE20-79D4-4709-9FF7-3A8CC1C9CCB1}.Release|Any CPU.ActiveCfg = Release|Any CPU
		{F60DDE20-79D4-4709-9FF7-3A8CC1C9CCB1}.Release|Any CPU.Build.0 = Release|Any CPU
	EndGlobalSection
	GlobalSection(SolutionProperties) = preSolution
		HideSolutionNode = FALSE
	EndGlobalSection
	GlobalSection(ExtensibilityGlobals) = postSolution
		SolutionGuid = {C9CE3195-AF26-47BB-95D4-3D1D00463A96}
	EndGlobalSection
EndGlobal
